// !$*UTF8*$!
{
	archiveVersion = 1;
	classes = {
	};
	objectVersion = 52;
	objects = {

/* Begin PBXBuildFile section */
		A11CFB362503E61400066A90 /* AppDelegate.swift in Sources */ = {isa = PBXBuildFile; fileRef = A11CFB352503E61400066A90 /* AppDelegate.swift */; };
		A11CFB3A2503E61600066A90 /* Assets.xcassets in Resources */ = {isa = PBXBuildFile; fileRef = A11CFB392503E61600066A90 /* Assets.xcassets */; };
		A11CFB3D2503E61600066A90 /* Main.storyboard in Resources */ = {isa = PBXBuildFile; fileRef = A11CFB3B2503E61600066A90 /* Main.storyboard */; };
		A11CFB4C2503E67300066A90 /* AppDelegate.swift in Sources */ = {isa = PBXBuildFile; fileRef = A11CFB4B2503E67300066A90 /* AppDelegate.swift */; };
		A11CFB4E2503E67300066A90 /* SceneDelegate.swift in Sources */ = {isa = PBXBuildFile; fileRef = A11CFB4D2503E67300066A90 /* SceneDelegate.swift */; };
		A11CFB552503E67300066A90 /* Assets.xcassets in Resources */ = {isa = PBXBuildFile; fileRef = A11CFB542503E67300066A90 /* Assets.xcassets */; };
		A11CFB582503E67300066A90 /* LaunchScreen.storyboard in Resources */ = {isa = PBXBuildFile; fileRef = A11CFB562503E67300066A90 /* LaunchScreen.storyboard */; };
		A13ECC8425276B380082284F /* ViewKit in Frameworks */ = {isa = PBXBuildFile; productRef = A13ECC8325276B380082284F /* ViewKit */; };
		A13ECC8525276B380082284F /* ViewKit in Embed Frameworks */ = {isa = PBXBuildFile; productRef = A13ECC8325276B380082284F /* ViewKit */; settings = {ATTRIBUTES = (CodeSignOnCopy, ); }; };
		A13ECC8D252770380082284F /* MainView.swift in Sources */ = {isa = PBXBuildFile; fileRef = A13ECC8C252770380082284F /* MainView.swift */; };
		A13ECC8E252770380082284F /* MainView.swift in Sources */ = {isa = PBXBuildFile; fileRef = A13ECC8C252770380082284F /* MainView.swift */; };
		A13ECC922527706D0082284F /* ViewKit in Frameworks */ = {isa = PBXBuildFile; productRef = A13ECC912527706D0082284F /* ViewKit */; };
		A13ECC932527706D0082284F /* ViewKit in Embed Frameworks */ = {isa = PBXBuildFile; productRef = A13ECC912527706D0082284F /* ViewKit */; settings = {ATTRIBUTES = (CodeSignOnCopy, ); }; };
		A13ECC99252771CB0082284F /* MainViewModel.swift in Sources */ = {isa = PBXBuildFile; fileRef = A13ECC98252771CB0082284F /* MainViewModel.swift */; };
		A13ECC9A252771CB0082284F /* MainViewModel.swift in Sources */ = {isa = PBXBuildFile; fileRef = A13ECC98252771CB0082284F /* MainViewModel.swift */; };
		A13ECC9E2527A5A40082284F /* MainViewController.swift in Sources */ = {isa = PBXBuildFile; fileRef = A13ECC9D2527A5A40082284F /* MainViewController.swift */; };
		A13ECC9F2527A5A40082284F /* MainViewController.swift in Sources */ = {isa = PBXBuildFile; fileRef = A13ECC9D2527A5A40082284F /* MainViewController.swift */; };
		A16C614C2528EC4D0008DB96 /* BannerKit in Frameworks */ = {isa = PBXBuildFile; productRef = A16C614B2528EC4D0008DB96 /* BannerKit */; };
		A16C614D2528EC4D0008DB96 /* BannerKit in Embed Frameworks */ = {isa = PBXBuildFile; productRef = A16C614B2528EC4D0008DB96 /* BannerKit */; settings = {ATTRIBUTES = (CodeSignOnCopy, ); }; };
		A16C614F2528EC580008DB96 /* BannerKit in Frameworks */ = {isa = PBXBuildFile; productRef = A16C614E2528EC580008DB96 /* BannerKit */; };
		A16C61502528EC580008DB96 /* BannerKit in Embed Frameworks */ = {isa = PBXBuildFile; productRef = A16C614E2528EC580008DB96 /* BannerKit */; settings = {ATTRIBUTES = (CodeSignOnCopy, ); }; };
		A18E66CE250D512A003352B0 /* RestLikeKit in Frameworks */ = {isa = PBXBuildFile; productRef = A18E66CD250D512A003352B0 /* RestLikeKit */; };
		A18E66CF250D512A003352B0 /* RestLikeKit in Embed Frameworks */ = {isa = PBXBuildFile; productRef = A18E66CD250D512A003352B0 /* RestLikeKit */; settings = {ATTRIBUTES = (CodeSignOnCopy, ); }; };
		A18E66D2250D5142003352B0 /* RestLikeKit in Frameworks */ = {isa = PBXBuildFile; productRef = A18E66D1250D5142003352B0 /* RestLikeKit */; };
		A18E66D3250D5142003352B0 /* RestLikeKit in Embed Frameworks */ = {isa = PBXBuildFile; productRef = A18E66D1250D5142003352B0 /* RestLikeKit */; settings = {ATTRIBUTES = (CodeSignOnCopy, ); }; };
		A18E66D6250D5296003352B0 /* AppDependencies.swift in Sources */ = {isa = PBXBuildFile; fileRef = A18E66D5250D5296003352B0 /* AppDependencies.swift */; };
		A18E66D7250D5296003352B0 /* AppDependencies.swift in Sources */ = {isa = PBXBuildFile; fileRef = A18E66D5250D5296003352B0 /* AppDependencies.swift */; };
		A18E66D9250D52DB003352B0 /* APIConfig+Components.swift in Sources */ = {isa = PBXBuildFile; fileRef = A18E66D8250D52DB003352B0 /* APIConfig+Components.swift */; };
		A18E66DA250D52DB003352B0 /* APIConfig+Components.swift in Sources */ = {isa = PBXBuildFile; fileRef = A18E66D8250D52DB003352B0 /* APIConfig+Components.swift */; };
		A18E66DC250D5323003352B0 /* AuthenticationStorage.swift in Sources */ = {isa = PBXBuildFile; fileRef = A18E66DB250D5323003352B0 /* AuthenticationStorage.swift */; };
		A18E66DD250D5323003352B0 /* AuthenticationStorage.swift in Sources */ = {isa = PBXBuildFile; fileRef = A18E66DB250D5323003352B0 /* AuthenticationStorage.swift */; };
		A18E66DF250D5FA7003352B0 /* BannerAPI.swift in Sources */ = {isa = PBXBuildFile; fileRef = A18E66DE250D5FA7003352B0 /* BannerAPI.swift */; };
		A18E66E0250D5FA7003352B0 /* BannerAPI.swift in Sources */ = {isa = PBXBuildFile; fileRef = A18E66DE250D5FA7003352B0 /* BannerAPI.swift */; };
		A1DE80D42528D7A000638AEE /* NativeComponentKit in Frameworks */ = {isa = PBXBuildFile; productRef = A1DE80D32528D7A000638AEE /* NativeComponentKit */; };
		A1DE80D52528D7A000638AEE /* NativeComponentKit in Embed Frameworks */ = {isa = PBXBuildFile; productRef = A1DE80D32528D7A000638AEE /* NativeComponentKit */; settings = {ATTRIBUTES = (CodeSignOnCopy, ); }; };
		A1DE80D92528D7B500638AEE /* NativeComponentKit in Frameworks */ = {isa = PBXBuildFile; productRef = A1DE80D82528D7B500638AEE /* NativeComponentKit */; };
		A1DE80DA2528D7B500638AEE /* NativeComponentKit in Embed Frameworks */ = {isa = PBXBuildFile; productRef = A1DE80D82528D7B500638AEE /* NativeComponentKit */; settings = {ATTRIBUTES = (CodeSignOnCopy, ); }; };
/* End PBXBuildFile section */

/* Begin PBXCopyFilesBuildPhase section */
		A11CFB6E2503E87600066A90 /* Embed Frameworks */ = {
			isa = PBXCopyFilesBuildPhase;
			buildActionMask = 2147483647;
			dstPath = "";
			dstSubfolderSpec = 10;
			files = (
				A1DE80D52528D7A000638AEE /* NativeComponentKit in Embed Frameworks */,
				A13ECC8525276B380082284F /* ViewKit in Embed Frameworks */,
				A18E66CF250D512A003352B0 /* RestLikeKit in Embed Frameworks */,
				A16C614D2528EC4D0008DB96 /* BannerKit in Embed Frameworks */,
			);
			name = "Embed Frameworks";
			runOnlyForDeploymentPostprocessing = 0;
		};
		A11CFB802503E98E00066A90 /* Embed Frameworks */ = {
			isa = PBXCopyFilesBuildPhase;
			buildActionMask = 2147483647;
			dstPath = "";
			dstSubfolderSpec = 10;
			files = (
				A1DE80DA2528D7B500638AEE /* NativeComponentKit in Embed Frameworks */,
				A13ECC932527706D0082284F /* ViewKit in Embed Frameworks */,
				A18E66D3250D5142003352B0 /* RestLikeKit in Embed Frameworks */,
				A16C61502528EC580008DB96 /* BannerKit in Embed Frameworks */,
			);
			name = "Embed Frameworks";
			runOnlyForDeploymentPostprocessing = 0;
		};
/* End PBXCopyFilesBuildPhase section */

/* Begin PBXFileReference section */
		A11CFB322503E61400066A90 /* Components.app */ = {isa = PBXFileReference; explicitFileType = wrapper.application; includeInIndex = 0; path = Components.app; sourceTree = BUILT_PRODUCTS_DIR; };
		A11CFB352503E61400066A90 /* AppDelegate.swift */ = {isa = PBXFileReference; lastKnownFileType = sourcecode.swift; path = AppDelegate.swift; sourceTree = "<group>"; };
		A11CFB392503E61600066A90 /* Assets.xcassets */ = {isa = PBXFileReference; lastKnownFileType = folder.assetcatalog; path = Assets.xcassets; sourceTree = "<group>"; };
		A11CFB3C2503E61600066A90 /* Base */ = {isa = PBXFileReference; lastKnownFileType = file.storyboard; name = Base; path = Base.lproj/Main.storyboard; sourceTree = "<group>"; };
		A11CFB3E2503E61600066A90 /* Info.plist */ = {isa = PBXFileReference; lastKnownFileType = text.plist.xml; path = Info.plist; sourceTree = "<group>"; };
		A11CFB3F2503E61600066A90 /* Components.entitlements */ = {isa = PBXFileReference; lastKnownFileType = text.plist.entitlements; path = Components.entitlements; sourceTree = "<group>"; };
		A11CFB492503E67300066A90 /* Components.app */ = {isa = PBXFileReference; explicitFileType = wrapper.application; includeInIndex = 0; path = Components.app; sourceTree = BUILT_PRODUCTS_DIR; };
		A11CFB4B2503E67300066A90 /* AppDelegate.swift */ = {isa = PBXFileReference; lastKnownFileType = sourcecode.swift; path = AppDelegate.swift; sourceTree = "<group>"; };
		A11CFB4D2503E67300066A90 /* SceneDelegate.swift */ = {isa = PBXFileReference; lastKnownFileType = sourcecode.swift; path = SceneDelegate.swift; sourceTree = "<group>"; };
		A11CFB542503E67300066A90 /* Assets.xcassets */ = {isa = PBXFileReference; lastKnownFileType = folder.assetcatalog; path = Assets.xcassets; sourceTree = "<group>"; };
		A11CFB572503E67300066A90 /* Base */ = {isa = PBXFileReference; lastKnownFileType = file.storyboard; name = Base; path = Base.lproj/LaunchScreen.storyboard; sourceTree = "<group>"; };
		A11CFB592503E67300066A90 /* Info.plist */ = {isa = PBXFileReference; lastKnownFileType = text.plist.xml; path = Info.plist; sourceTree = "<group>"; };
		A13ECC8C252770380082284F /* MainView.swift */ = {isa = PBXFileReference; lastKnownFileType = sourcecode.swift; name = MainView.swift; path = Shared/MainView.swift; sourceTree = SOURCE_ROOT; };
		A13ECC98252771CB0082284F /* MainViewModel.swift */ = {isa = PBXFileReference; lastKnownFileType = sourcecode.swift; path = MainViewModel.swift; sourceTree = "<group>"; };
		A13ECC9D2527A5A40082284F /* MainViewController.swift */ = {isa = PBXFileReference; lastKnownFileType = sourcecode.swift; path = MainViewController.swift; sourceTree = "<group>"; };
		A18E66D5250D5296003352B0 /* AppDependencies.swift */ = {isa = PBXFileReference; lastKnownFileType = sourcecode.swift; path = AppDependencies.swift; sourceTree = "<group>"; };
		A18E66D8250D52DB003352B0 /* APIConfig+Components.swift */ = {isa = PBXFileReference; lastKnownFileType = sourcecode.swift; path = "APIConfig+Components.swift"; sourceTree = "<group>"; };
		A18E66DB250D5323003352B0 /* AuthenticationStorage.swift */ = {isa = PBXFileReference; lastKnownFileType = sourcecode.swift; path = AuthenticationStorage.swift; sourceTree = "<group>"; };
		A18E66DE250D5FA7003352B0 /* BannerAPI.swift */ = {isa = PBXFileReference; lastKnownFileType = sourcecode.swift; path = BannerAPI.swift; sourceTree = "<group>"; };
/* End PBXFileReference section */

/* Begin PBXFrameworksBuildPhase section */
		A11CFB2F2503E61400066A90 /* Frameworks */ = {
			isa = PBXFrameworksBuildPhase;
			buildActionMask = 2147483647;
			files = (
				A1DE80D42528D7A000638AEE /* NativeComponentKit in Frameworks */,
				A13ECC8425276B380082284F /* ViewKit in Frameworks */,
				A18E66CE250D512A003352B0 /* RestLikeKit in Frameworks */,
				A16C614C2528EC4D0008DB96 /* BannerKit in Frameworks */,
			);
			runOnlyForDeploymentPostprocessing = 0;
		};
		A11CFB462503E67300066A90 /* Frameworks */ = {
			isa = PBXFrameworksBuildPhase;
			buildActionMask = 2147483647;
			files = (
				A1DE80D92528D7B500638AEE /* NativeComponentKit in Frameworks */,
				A13ECC922527706D0082284F /* ViewKit in Frameworks */,
				A18E66D2250D5142003352B0 /* RestLikeKit in Frameworks */,
				A16C614F2528EC580008DB96 /* BannerKit in Frameworks */,
			);
			runOnlyForDeploymentPostprocessing = 0;
		};
/* End PBXFrameworksBuildPhase section */

/* Begin PBXGroup section */
		A11CFB292503E61400066A90 = {
			isa = PBXGroup;
			children = (
				A18E66D4250D5264003352B0 /* Shared */,
				A11CFB342503E61400066A90 /* Components */,
				A11CFB4A2503E67300066A90 /* Components-iOS */,
				A11CFB332503E61400066A90 /* Products */,
				A11CFB892504096A00066A90 /* Frameworks */,
			);
			sourceTree = "<group>";
		};
		A11CFB332503E61400066A90 /* Products */ = {
			isa = PBXGroup;
			children = (
				A11CFB322503E61400066A90 /* Components.app */,
				A11CFB492503E67300066A90 /* Components.app */,
			);
			name = Products;
			sourceTree = "<group>";
		};
		A11CFB342503E61400066A90 /* Components */ = {
			isa = PBXGroup;
			children = (
				A11CFB352503E61400066A90 /* AppDelegate.swift */,
				A11CFB392503E61600066A90 /* Assets.xcassets */,
				A11CFB3B2503E61600066A90 /* Main.storyboard */,
				A11CFB3E2503E61600066A90 /* Info.plist */,
				A11CFB3F2503E61600066A90 /* Components.entitlements */,
			);
			path = Components;
			sourceTree = "<group>";
		};
		A11CFB4A2503E67300066A90 /* Components-iOS */ = {
			isa = PBXGroup;
			children = (
				A11CFB4B2503E67300066A90 /* AppDelegate.swift */,
				A11CFB4D2503E67300066A90 /* SceneDelegate.swift */,
				A11CFB542503E67300066A90 /* Assets.xcassets */,
				A11CFB562503E67300066A90 /* LaunchScreen.storyboard */,
				A11CFB592503E67300066A90 /* Info.plist */,
			);
			path = "Components-iOS";
			sourceTree = "<group>";
		};
		A11CFB892504096A00066A90 /* Frameworks */ = {
			isa = PBXGroup;
			children = (
			);
			name = Frameworks;
			sourceTree = "<group>";
		};
		A18E66D4250D5264003352B0 /* Shared */ = {
			isa = PBXGroup;
			children = (
				A18E66D5250D5296003352B0 /* AppDependencies.swift */,
				A18E66D8250D52DB003352B0 /* APIConfig+Components.swift */,
				A18E66DB250D5323003352B0 /* AuthenticationStorage.swift */,
				A18E66DE250D5FA7003352B0 /* BannerAPI.swift */,
				A13ECC8C252770380082284F /* MainView.swift */,
				A13ECC98252771CB0082284F /* MainViewModel.swift */,
				A13ECC9D2527A5A40082284F /* MainViewController.swift */,
			);
			path = Shared;
			sourceTree = "<group>";
		};
/* End PBXGroup section */

/* Begin PBXNativeTarget section */
		A11CFB312503E61400066A90 /* Components */ = {
			isa = PBXNativeTarget;
			buildConfigurationList = A11CFB422503E61600066A90 /* Build configuration list for PBXNativeTarget "Components" */;
			buildPhases = (
				A11CFB2E2503E61400066A90 /* Sources */,
				A11CFB2F2503E61400066A90 /* Frameworks */,
				A11CFB302503E61400066A90 /* Resources */,
				A11CFB6E2503E87600066A90 /* Embed Frameworks */,
			);
			buildRules = (
			);
			dependencies = (
			);
			name = Components;
			packageProductDependencies = (
				A18E66CD250D512A003352B0 /* RestLikeKit */,
				A13ECC8325276B380082284F /* ViewKit */,
				A1DE80D32528D7A000638AEE /* NativeComponentKit */,
				A16C614B2528EC4D0008DB96 /* BannerKit */,
			);
			productName = Components;
			productReference = A11CFB322503E61400066A90 /* Components.app */;
			productType = "com.apple.product-type.application";
		};
		A11CFB482503E67300066A90 /* Components-iOS */ = {
			isa = PBXNativeTarget;
			buildConfigurationList = A11CFB5A2503E67300066A90 /* Build configuration list for PBXNativeTarget "Components-iOS" */;
			buildPhases = (
				A11CFB452503E67300066A90 /* Sources */,
				A11CFB462503E67300066A90 /* Frameworks */,
				A11CFB472503E67300066A90 /* Resources */,
				A11CFB802503E98E00066A90 /* Embed Frameworks */,
			);
			buildRules = (
			);
			dependencies = (
			);
			name = "Components-iOS";
			packageProductDependencies = (
				A18E66D1250D5142003352B0 /* RestLikeKit */,
				A13ECC912527706D0082284F /* ViewKit */,
				A1DE80D82528D7B500638AEE /* NativeComponentKit */,
				A16C614E2528EC580008DB96 /* BannerKit */,
			);
			productName = "Components-iOS";
			productReference = A11CFB492503E67300066A90 /* Components.app */;
			productType = "com.apple.product-type.application";
		};
/* End PBXNativeTarget section */

/* Begin PBXProject section */
		A11CFB2A2503E61400066A90 /* Project object */ = {
			isa = PBXProject;
			attributes = {
				LastSwiftUpdateCheck = 1160;
				LastUpgradeCheck = 1200;
				ORGANIZATIONNAME = "Safe from the Losing Fight";
				TargetAttributes = {
					A11CFB312503E61400066A90 = {
						CreatedOnToolsVersion = 11.6;
					};
					A11CFB482503E67300066A90 = {
						CreatedOnToolsVersion = 11.6;
					};
				};
			};
			buildConfigurationList = A11CFB2D2503E61400066A90 /* Build configuration list for PBXProject "Components" */;
			compatibilityVersion = "Xcode 9.3";
			developmentRegion = en;
			hasScannedForEncodings = 0;
			knownRegions = (
				en,
				Base,
			);
			mainGroup = A11CFB292503E61400066A90;
			packageReferences = (
				A18E66CC250D512A003352B0 /* XCRemoteSwiftPackageReference "RestLikeKit" */,
				A13ECC8225276B380082284F /* XCRemoteSwiftPackageReference "ViewKit" */,
				A1DE80D22528D7A000638AEE /* XCRemoteSwiftPackageReference "NativeComponentKit" */,
			);
			productRefGroup = A11CFB332503E61400066A90 /* Products */;
			projectDirPath = "";
			projectRoot = "";
			targets = (
				A11CFB312503E61400066A90 /* Components */,
				A11CFB482503E67300066A90 /* Components-iOS */,
			);
		};
/* End PBXProject section */

/* Begin PBXResourcesBuildPhase section */
		A11CFB302503E61400066A90 /* Resources */ = {
			isa = PBXResourcesBuildPhase;
			buildActionMask = 2147483647;
			files = (
				A11CFB3A2503E61600066A90 /* Assets.xcassets in Resources */,
				A11CFB3D2503E61600066A90 /* Main.storyboard in Resources */,
			);
			runOnlyForDeploymentPostprocessing = 0;
		};
		A11CFB472503E67300066A90 /* Resources */ = {
			isa = PBXResourcesBuildPhase;
			buildActionMask = 2147483647;
			files = (
				A11CFB582503E67300066A90 /* LaunchScreen.storyboard in Resources */,
				A11CFB552503E67300066A90 /* Assets.xcassets in Resources */,
			);
			runOnlyForDeploymentPostprocessing = 0;
		};
/* End PBXResourcesBuildPhase section */

/* Begin PBXSourcesBuildPhase section */
		A11CFB2E2503E61400066A90 /* Sources */ = {
			isa = PBXSourcesBuildPhase;
			buildActionMask = 2147483647;
			files = (
				A18E66D6250D5296003352B0 /* AppDependencies.swift in Sources */,
				A13ECC8D252770380082284F /* MainView.swift in Sources */,
				A18E66DC250D5323003352B0 /* AuthenticationStorage.swift in Sources */,
				A18E66D9250D52DB003352B0 /* APIConfig+Components.swift in Sources */,
				A18E66DF250D5FA7003352B0 /* BannerAPI.swift in Sources */,
				A13ECC9E2527A5A40082284F /* MainViewController.swift in Sources */,
				A11CFB362503E61400066A90 /* AppDelegate.swift in Sources */,
				A13ECC99252771CB0082284F /* MainViewModel.swift in Sources */,
			);
			runOnlyForDeploymentPostprocessing = 0;
		};
		A11CFB452503E67300066A90 /* Sources */ = {
			isa = PBXSourcesBuildPhase;
			buildActionMask = 2147483647;
			files = (
				A18E66D7250D5296003352B0 /* AppDependencies.swift in Sources */,
				A13ECC8E252770380082284F /* MainView.swift in Sources */,
				A11CFB4C2503E67300066A90 /* AppDelegate.swift in Sources */,
				A18E66DD250D5323003352B0 /* AuthenticationStorage.swift in Sources */,
				A18E66E0250D5FA7003352B0 /* BannerAPI.swift in Sources */,
				A18E66DA250D52DB003352B0 /* APIConfig+Components.swift in Sources */,
				A13ECC9F2527A5A40082284F /* MainViewController.swift in Sources */,
				A11CFB4E2503E67300066A90 /* SceneDelegate.swift in Sources */,
				A13ECC9A252771CB0082284F /* MainViewModel.swift in Sources */,
			);
			runOnlyForDeploymentPostprocessing = 0;
		};
/* End PBXSourcesBuildPhase section */

/* Begin PBXVariantGroup section */
		A11CFB3B2503E61600066A90 /* Main.storyboard */ = {
			isa = PBXVariantGroup;
			children = (
				A11CFB3C2503E61600066A90 /* Base */,
			);
			name = Main.storyboard;
			sourceTree = "<group>";
		};
		A11CFB562503E67300066A90 /* LaunchScreen.storyboard */ = {
			isa = PBXVariantGroup;
			children = (
				A11CFB572503E67300066A90 /* Base */,
			);
			name = LaunchScreen.storyboard;
			sourceTree = "<group>";
		};
/* End PBXVariantGroup section */

/* Begin XCBuildConfiguration section */
		A11CFB402503E61600066A90 /* Debug */ = {
			isa = XCBuildConfiguration;
			buildSettings = {
				ALWAYS_SEARCH_USER_PATHS = NO;
				CLANG_ANALYZER_NONNULL = YES;
				CLANG_ANALYZER_NUMBER_OBJECT_CONVERSION = YES_AGGRESSIVE;
				CLANG_CXX_LANGUAGE_STANDARD = "gnu++14";
				CLANG_CXX_LIBRARY = "libc++";
				CLANG_ENABLE_MODULES = YES;
				CLANG_ENABLE_OBJC_ARC = YES;
				CLANG_ENABLE_OBJC_WEAK = YES;
				CLANG_WARN_BLOCK_CAPTURE_AUTORELEASING = YES;
				CLANG_WARN_BOOL_CONVERSION = YES;
				CLANG_WARN_COMMA = YES;
				CLANG_WARN_CONSTANT_CONVERSION = YES;
				CLANG_WARN_DEPRECATED_OBJC_IMPLEMENTATIONS = YES;
				CLANG_WARN_DIRECT_OBJC_ISA_USAGE = YES_ERROR;
				CLANG_WARN_DOCUMENTATION_COMMENTS = YES;
				CLANG_WARN_EMPTY_BODY = YES;
				CLANG_WARN_ENUM_CONVERSION = YES;
				CLANG_WARN_INFINITE_RECURSION = YES;
				CLANG_WARN_INT_CONVERSION = YES;
				CLANG_WARN_NON_LITERAL_NULL_CONVERSION = YES;
				CLANG_WARN_OBJC_IMPLICIT_RETAIN_SELF = YES;
				CLANG_WARN_OBJC_LITERAL_CONVERSION = YES;
				CLANG_WARN_OBJC_ROOT_CLASS = YES_ERROR;
				CLANG_WARN_QUOTED_INCLUDE_IN_FRAMEWORK_HEADER = YES;
				CLANG_WARN_RANGE_LOOP_ANALYSIS = YES;
				CLANG_WARN_STRICT_PROTOTYPES = YES;
				CLANG_WARN_SUSPICIOUS_MOVE = YES;
				CLANG_WARN_UNGUARDED_AVAILABILITY = YES_AGGRESSIVE;
				CLANG_WARN_UNREACHABLE_CODE = YES;
				CLANG_WARN__DUPLICATE_METHOD_MATCH = YES;
				COPY_PHASE_STRIP = NO;
				DEBUG_INFORMATION_FORMAT = dwarf;
				ENABLE_STRICT_OBJC_MSGSEND = YES;
				ENABLE_TESTABILITY = YES;
				GCC_C_LANGUAGE_STANDARD = gnu11;
				GCC_DYNAMIC_NO_PIC = NO;
				GCC_NO_COMMON_BLOCKS = YES;
				GCC_OPTIMIZATION_LEVEL = 0;
				GCC_PREPROCESSOR_DEFINITIONS = (
					"DEBUG=1",
					"$(inherited)",
				);
				GCC_WARN_64_TO_32_BIT_CONVERSION = YES;
				GCC_WARN_ABOUT_RETURN_TYPE = YES_ERROR;
				GCC_WARN_UNDECLARED_SELECTOR = YES;
				GCC_WARN_UNINITIALIZED_AUTOS = YES_AGGRESSIVE;
				GCC_WARN_UNUSED_FUNCTION = YES;
				GCC_WARN_UNUSED_VARIABLE = YES;
				MACOSX_DEPLOYMENT_TARGET = 10.15;
				MTL_ENABLE_DEBUG_INFO = INCLUDE_SOURCE;
				MTL_FAST_MATH = YES;
				ONLY_ACTIVE_ARCH = YES;
				SDKROOT = macosx;
				SWIFT_ACTIVE_COMPILATION_CONDITIONS = DEBUG;
				SWIFT_OPTIMIZATION_LEVEL = "-Onone";
			};
			name = Debug;
		};
		A11CFB412503E61600066A90 /* Release */ = {
			isa = XCBuildConfiguration;
			buildSettings = {
				ALWAYS_SEARCH_USER_PATHS = NO;
				CLANG_ANALYZER_NONNULL = YES;
				CLANG_ANALYZER_NUMBER_OBJECT_CONVERSION = YES_AGGRESSIVE;
				CLANG_CXX_LANGUAGE_STANDARD = "gnu++14";
				CLANG_CXX_LIBRARY = "libc++";
				CLANG_ENABLE_MODULES = YES;
				CLANG_ENABLE_OBJC_ARC = YES;
				CLANG_ENABLE_OBJC_WEAK = YES;
				CLANG_WARN_BLOCK_CAPTURE_AUTORELEASING = YES;
				CLANG_WARN_BOOL_CONVERSION = YES;
				CLANG_WARN_COMMA = YES;
				CLANG_WARN_CONSTANT_CONVERSION = YES;
				CLANG_WARN_DEPRECATED_OBJC_IMPLEMENTATIONS = YES;
				CLANG_WARN_DIRECT_OBJC_ISA_USAGE = YES_ERROR;
				CLANG_WARN_DOCUMENTATION_COMMENTS = YES;
				CLANG_WARN_EMPTY_BODY = YES;
				CLANG_WARN_ENUM_CONVERSION = YES;
				CLANG_WARN_INFINITE_RECURSION = YES;
				CLANG_WARN_INT_CONVERSION = YES;
				CLANG_WARN_NON_LITERAL_NULL_CONVERSION = YES;
				CLANG_WARN_OBJC_IMPLICIT_RETAIN_SELF = YES;
				CLANG_WARN_OBJC_LITERAL_CONVERSION = YES;
				CLANG_WARN_OBJC_ROOT_CLASS = YES_ERROR;
				CLANG_WARN_QUOTED_INCLUDE_IN_FRAMEWORK_HEADER = YES;
				CLANG_WARN_RANGE_LOOP_ANALYSIS = YES;
				CLANG_WARN_STRICT_PROTOTYPES = YES;
				CLANG_WARN_SUSPICIOUS_MOVE = YES;
				CLANG_WARN_UNGUARDED_AVAILABILITY = YES_AGGRESSIVE;
				CLANG_WARN_UNREACHABLE_CODE = YES;
				CLANG_WARN__DUPLICATE_METHOD_MATCH = YES;
				COPY_PHASE_STRIP = NO;
				DEBUG_INFORMATION_FORMAT = "dwarf-with-dsym";
				ENABLE_NS_ASSERTIONS = NO;
				ENABLE_STRICT_OBJC_MSGSEND = YES;
				GCC_C_LANGUAGE_STANDARD = gnu11;
				GCC_NO_COMMON_BLOCKS = YES;
				GCC_WARN_64_TO_32_BIT_CONVERSION = YES;
				GCC_WARN_ABOUT_RETURN_TYPE = YES_ERROR;
				GCC_WARN_UNDECLARED_SELECTOR = YES;
				GCC_WARN_UNINITIALIZED_AUTOS = YES_AGGRESSIVE;
				GCC_WARN_UNUSED_FUNCTION = YES;
				GCC_WARN_UNUSED_VARIABLE = YES;
				MACOSX_DEPLOYMENT_TARGET = 10.15;
				MTL_ENABLE_DEBUG_INFO = NO;
				MTL_FAST_MATH = YES;
				SDKROOT = macosx;
				SWIFT_COMPILATION_MODE = wholemodule;
				SWIFT_OPTIMIZATION_LEVEL = "-O";
			};
			name = Release;
		};
		A11CFB432503E61600066A90 /* Debug */ = {
			isa = XCBuildConfiguration;
			buildSettings = {
				ALWAYS_EMBED_SWIFT_STANDARD_LIBRARIES = YES;
				ASSETCATALOG_COMPILER_APPICON_NAME = AppIcon;
				CODE_SIGN_ENTITLEMENTS = Components/Components.entitlements;
				CODE_SIGN_IDENTITY = "Apple Development";
				CODE_SIGN_STYLE = Automatic;
				COMBINE_HIDPI_IMAGES = YES;
				DEVELOPMENT_TEAM = 823R8Y9CTL;
				ENABLE_HARDENED_RUNTIME = YES;
				INFOPLIST_FILE = Components/Info.plist;
				LD_RUNPATH_SEARCH_PATHS = (
					"$(inherited)",
					"@executable_path/../Frameworks",
				);
				PRODUCT_BUNDLE_IDENTIFIER = org.losingfight.Components;
				PRODUCT_NAME = "$(TARGET_NAME)";
				SWIFT_VERSION = 5.0;
			};
			name = Debug;
		};
		A11CFB442503E61600066A90 /* Release */ = {
			isa = XCBuildConfiguration;
			buildSettings = {
				ALWAYS_EMBED_SWIFT_STANDARD_LIBRARIES = YES;
				ASSETCATALOG_COMPILER_APPICON_NAME = AppIcon;
				CODE_SIGN_ENTITLEMENTS = Components/Components.entitlements;
				CODE_SIGN_IDENTITY = "Apple Development";
				CODE_SIGN_STYLE = Automatic;
				COMBINE_HIDPI_IMAGES = YES;
				DEVELOPMENT_TEAM = 823R8Y9CTL;
				ENABLE_HARDENED_RUNTIME = YES;
				INFOPLIST_FILE = Components/Info.plist;
				LD_RUNPATH_SEARCH_PATHS = (
					"$(inherited)",
					"@executable_path/../Frameworks",
				);
				PRODUCT_BUNDLE_IDENTIFIER = org.losingfight.Components;
				PRODUCT_NAME = "$(TARGET_NAME)";
				SWIFT_VERSION = 5.0;
			};
			name = Release;
		};
		A11CFB5B2503E67300066A90 /* Debug */ = {
			isa = XCBuildConfiguration;
			buildSettings = {
				ALWAYS_EMBED_SWIFT_STANDARD_LIBRARIES = YES;
				ASSETCATALOG_COMPILER_APPICON_NAME = AppIcon;
				CODE_SIGN_STYLE = Automatic;
				DEVELOPMENT_TEAM = 823R8Y9CTL;
				INFOPLIST_FILE = "Components-iOS/Info.plist";
				IPHONEOS_DEPLOYMENT_TARGET = 13.6;
				LD_RUNPATH_SEARCH_PATHS = (
					"$(inherited)",
					"@executable_path/Frameworks",
				);
				PRODUCT_BUNDLE_IDENTIFIER = org.losingfight.Components;
				PRODUCT_NAME = Components;
				SDKROOT = iphoneos;
				SWIFT_VERSION = 5.0;
				TARGETED_DEVICE_FAMILY = "1,2";
			};
			name = Debug;
		};
		A11CFB5C2503E67300066A90 /* Release */ = {
			isa = XCBuildConfiguration;
			buildSettings = {
				ALWAYS_EMBED_SWIFT_STANDARD_LIBRARIES = YES;
				ASSETCATALOG_COMPILER_APPICON_NAME = AppIcon;
				CODE_SIGN_STYLE = Automatic;
				DEVELOPMENT_TEAM = 823R8Y9CTL;
				INFOPLIST_FILE = "Components-iOS/Info.plist";
				IPHONEOS_DEPLOYMENT_TARGET = 13.6;
				LD_RUNPATH_SEARCH_PATHS = (
					"$(inherited)",
					"@executable_path/Frameworks",
				);
				PRODUCT_BUNDLE_IDENTIFIER = org.losingfight.Components;
				PRODUCT_NAME = Components;
				SDKROOT = iphoneos;
				SWIFT_VERSION = 5.0;
				TARGETED_DEVICE_FAMILY = "1,2";
				VALIDATE_PRODUCT = YES;
			};
			name = Release;
		};
/* End XCBuildConfiguration section */

/* Begin XCConfigurationList section */
		A11CFB2D2503E61400066A90 /* Build configuration list for PBXProject "Components" */ = {
			isa = XCConfigurationList;
			buildConfigurations = (
				A11CFB402503E61600066A90 /* Debug */,
				A11CFB412503E61600066A90 /* Release */,
			);
			defaultConfigurationIsVisible = 0;
			defaultConfigurationName = Release;
		};
		A11CFB422503E61600066A90 /* Build configuration list for PBXNativeTarget "Components" */ = {
			isa = XCConfigurationList;
			buildConfigurations = (
				A11CFB432503E61600066A90 /* Debug */,
				A11CFB442503E61600066A90 /* Release */,
			);
			defaultConfigurationIsVisible = 0;
			defaultConfigurationName = Release;
		};
		A11CFB5A2503E67300066A90 /* Build configuration list for PBXNativeTarget "Components-iOS" */ = {
			isa = XCConfigurationList;
			buildConfigurations = (
				A11CFB5B2503E67300066A90 /* Debug */,
				A11CFB5C2503E67300066A90 /* Release */,
			);
			defaultConfigurationIsVisible = 0;
			defaultConfigurationName = Release;
		};
/* End XCConfigurationList section */

/* Begin XCRemoteSwiftPackageReference section */
		A13ECC8225276B380082284F /* XCRemoteSwiftPackageReference "ViewKit" */ = {
			isa = XCRemoteSwiftPackageReference;
			repositoryURL = "git@github.com:andyfinnell/ViewKit.git";
			requirement = {
				kind = upToNextMajorVersion;
				minimumVersion = 0.0.2;
			};
		};
		A18E66CC250D512A003352B0 /* XCRemoteSwiftPackageReference "RestLikeKit" */ = {
			isa = XCRemoteSwiftPackageReference;
			repositoryURL = "git@github.com:andyfinnell/RestLikeKit.git";
			requirement = {
				kind = upToNextMajorVersion;
				minimumVersion = 0.0.2;
			};
		};
		A1DE80D22528D7A000638AEE /* XCRemoteSwiftPackageReference "NativeComponentKit" */ = {
			isa = XCRemoteSwiftPackageReference;
			repositoryURL = "git@github.com:andyfinnell/NativeComponentKit.git";
			requirement = {
				branch = master;
				kind = branch;
			};
		};
/* End XCRemoteSwiftPackageReference section */

/* Begin XCSwiftPackageProductDependency section */
		A13ECC8325276B380082284F /* ViewKit */ = {
			isa = XCSwiftPackageProductDependency;
			package = A13ECC8225276B380082284F /* XCRemoteSwiftPackageReference "ViewKit" */;
			productName = ViewKit;
		};
		A13ECC912527706D0082284F /* ViewKit */ = {
			isa = XCSwiftPackageProductDependency;
			package = A13ECC8225276B380082284F /* XCRemoteSwiftPackageReference "ViewKit" */;
			productName = ViewKit;
		};
		A16C614B2528EC4D0008DB96 /* BannerKit */ = {
			isa = XCSwiftPackageProductDependency;
			productName = BannerKit;
		};
		A16C614E2528EC580008DB96 /* BannerKit */ = {
			isa = XCSwiftPackageProductDependency;
			productName = BannerKit;
		};
		A18E66CD250D512A003352B0 /* RestLikeKit */ = {
			isa = XCSwiftPackageProductDependency;
			package = A18E66CC250D512A003352B0 /* XCRemoteSwiftPackageReference "RestLikeKit" */;
			productName = RestLikeKit;
		};
		A18E66D1250D5142003352B0 /* RestLikeKit */ = {
			isa = XCSwiftPackageProductDependency;
			package = A18E66CC250D512A003352B0 /* XCRemoteSwiftPackageReference "RestLikeKit" */;
			productName = RestLikeKit;
		};
		A1DE80D32528D7A000638AEE /* NativeComponentKit */ = {
			isa = XCSwiftPackageProductDependency;
			package = A1DE80D22528D7A000638AEE /* XCRemoteSwiftPackageReference "NativeComponentKit" */;
			productName = NativeComponentKit;
		};
		A1DE80D82528D7B500638AEE /* NativeComponentKit */ = {
			isa = XCSwiftPackageProductDependency;
			package = A1DE80D22528D7A000638AEE /* XCRemoteSwiftPackageReference "NativeComponentKit" */;
			productName = NativeComponentKit;
		};
/* End XCSwiftPackageProductDependency section */
	};
	rootObject = A11CFB2A2503E61400066A90 /* Project object */;
}
